<?xml version="1.0" encoding="utf-8"?>
<Project ToolsVersion="4.0" xmlns="http://schemas.microsoft.com/developer/msbuild/2003">
  <ItemGroup>
    <Filter Include="Source Files">
      <UniqueIdentifier>{4FC737F1-C7A5-4376-A066-2A32D752A2FF}</UniqueIdentifier>
      <Extensions>cpp;c;cc;cxx;def;odl;idl;hpj;bat;asm;asmx</Extensions>
    </Filter>
    <Filter Include="Header Files">
      <UniqueIdentifier>{93995380-89BD-4b04-88EB-625FBE52EBFB}</UniqueIdentifier>
      <Extensions>h;hh;hpp;hxx;hm;inl;inc;xsd</Extensions>
    </Filter>
    <Filter Include="Resource Files">
      <UniqueIdentifier>{67DA6AB6-F800-4c08-8B7A-83BB121AAD01}</UniqueIdentifier>
      <Extensions>rc;ico;cur;bmp;dlg;rc2;rct;bin;rgs;gif;jpg;jpeg;jpe;resx;tiff;tif;png;wav;mfcribbon-ms</Extensions>
    </Filter>
    <Filter Include="Header Files\Spawners">
      <UniqueIdentifier>{2f24a2db-a9be-4fb4-81be-f3cd7e3e3335}</UniqueIdentifier>
    </Filter>
    <Filter Include="Header Files\Enemies">
      <UniqueIdentifier>{e0aabf5d-95ba-48f1-8f1d-27aaf728f1af}</UniqueIdentifier>
    </Filter>
    <Filter Include="Source Files\Spawners">
      <UniqueIdentifier>{d994f1f4-3c2d-491b-bcfa-5851b27a3c2c}</UniqueIdentifier>
    </Filter>
    <Filter Include="Source Files\Enemies">
      <UniqueIdentifier>{35998a8c-d25f-42cd-8496-9d91015e5804}</UniqueIdentifier>
    </Filter>
  </ItemGroup>
  <ItemGroup>
    <ClCompile Include="src\Main.cpp">
      <Filter>Source Files</Filter>
    </ClCompile>
    <ClCompile Include="src\Player.cpp">
      <Filter>Source Files</Filter>
    </ClCompile>
    <ClCompile Include="src\UserInterface.cpp">
      <Filter>Source Files</Filter>
    </ClCompile>
    <ClCompile Include="src\Environment.cpp">
      <Filter>Source Files</Filter>
    </ClCompile>
    <ClCompile Include="src\Console.cpp">
      <Filter>Source Files</Filter>
    </ClCompile>
    <ClCompile Include="src\Spawner.cpp">
      <Filter>Source Files\Spawners</Filter>
    </ClCompile>
    <ClCompile Include="src\Mod.cpp">
      <Filter>Source Files</Filter>
    </ClCompile>
    <ClCompile Include="src\ModLoader.cpp">
      <Filter>Source Files</Filter>
    </ClCompile>
    <ClCompile Include="src\Enemy.cpp">
      <Filter>Source Files\Enemies</Filter>
    </ClCompile>
    <ClCompile Include="src\Powerup.cpp">
      <Filter>Source Files</Filter>
    </ClCompile>
    <ClCompile Include="src\Wave.cpp">
      <Filter>Source Files</Filter>
    </ClCompile>
  </ItemGroup>
  <ItemGroup>
    <ClInclude Include="src\Environment.hpp">
      <Filter>Header Files</Filter>
    </ClInclude>
    <ClInclude Include="src\Player.hpp">
      <Filter>Header Files</Filter>
    </ClInclude>
    <ClInclude Include="src\UserInterface.hpp">
      <Filter>Header Files</Filter>
    </ClInclude>
    <ClInclude Include="src\Wave.hpp">
      <Filter>Header Files</Filter>
    </ClInclude>
    <ClInclude Include="src\Console.hpp">
      <Filter>Header Files</Filter>
    </ClInclude>
    <ClInclude Include="src\sol.hpp">
      <Filter>Header Files</Filter>
    </ClInclude>
    <ClInclude Include="src\Spawner.hpp">
      <Filter>Header Files\Spawners</Filter>
    </ClInclude>
    <ClInclude Include="src\Mod.hpp">
      <Filter>Header Files</Filter>
    </ClInclude>
    <ClInclude Include="src\ModLoader.hpp">
      <Filter>Header Files</Filter>
    </ClInclude>
    <ClInclude Include="src\Enemy.hpp">
      <Filter>Header Files\Enemies</Filter>
    </ClInclude>
    <ClInclude Include="src\Powerup.hpp">
      <Filter>Header Files</Filter>
    </ClInclude>
  </ItemGroup>
  <ItemGroup>
    <None Include="waves.dat" />
    <None Include="mods\GameData\Spawners\BasicSpawner.lua" />
    <None Include="mods\GameData\Spawners\GravitySpawner.lua" />
    <None Include="mods\GameData\Spawners\HomingSpawner.lua" />
    <None Include="mods\GameData\Spawners\LaserSpawner.lua" />
    <None Include="mods\GameData\Spawners\LoopSpawner.lua" />
    <None Include="mods\GameData\Spawners\RandomSpawner.lua" />
    <None Include="mods\GameData\Spawners\RicochetSpawner.lua" />
    <None Include="mods\GameData\Spawners\ShotgunSpawner.lua" />
    <None Include="mods\GameData\Spawners\SpraySpawner.lua" />
    <None Include="mods\GameData\Spawners\WaveSpawner.lua" />
    <None Include="mods\GameData\powerups\ShieldPowerup.lua" />
    <None Include="mods\GameData\GameData.lua" />
    <None Include="mods\GameData\powerups\SpeedPowerup.lua" />
    <None Include="mods\GameData\spawners\FragmentSpawner.lua" />
    <None Include="mods\GameData\powerups\SlowdownPowerup.lua" />
  </ItemGroup>
  <ItemGroup>
    <Text Include="mods\mods.txt" />
  </ItemGroup>
</Project>